// !$*UTF8*$!
{
	archiveVersion = 1;
	classes = {
	};
	objectVersion = 46;
	objects = {

/* Begin PBXBuildFile section */
		7006C4801C26CA1500929DAE /* ZetaWatchDelegate.mm in Sources */ = {isa = PBXBuildFile; fileRef = 7006C47F1C26CA1500929DAE /* ZetaWatchDelegate.mm */; };
		7006C4831C26CA1500929DAE /* main.m in Sources */ = {isa = PBXBuildFile; fileRef = 7006C4821C26CA1500929DAE /* main.m */; };
		7006C4851C26CA1500929DAE /* Assets.xcassets in Resources */ = {isa = PBXBuildFile; fileRef = 7006C4841C26CA1500929DAE /* Assets.xcassets */; };
		7006C4881C26CA1500929DAE /* MainMenu.xib in Resources */ = {isa = PBXBuildFile; fileRef = 7006C4861C26CA1500929DAE /* MainMenu.xib */; };
		7006C4AC1C26D3E700929DAE /* ZetaMenuDelegate.mm in Sources */ = {isa = PBXBuildFile; fileRef = 7006C4AB1C26D3E700929DAE /* ZetaMenuDelegate.mm */; };
		70168B6622B64E48002C760A /* ZetaKeyLoaderDelegate.mm in Sources */ = {isa = PBXBuildFile; fileRef = 70168B6522B64E48002C760A /* ZetaKeyLoaderDelegate.mm */; };
		7018764120E7B45900BA39B8 /* ZFSUtils.cpp in Sources */ = {isa = PBXBuildFile; fileRef = 70D85FB71C2C076E00929DAE /* ZFSUtils.cpp */; };
		7018764220E7B45B00BA39B8 /* ZFSStrings.mm in Sources */ = {isa = PBXBuildFile; fileRef = 70D85FBF1C2D9CB900929DAE /* ZFSStrings.mm */; };
		7018764320E7B45E00BA39B8 /* ZFSNVList.cpp in Sources */ = {isa = PBXBuildFile; fileRef = 70D85FC21C2EAE5A00929DAE /* ZFSNVList.cpp */; };
		7018764420E7B48A00BA39B8 /* libnvpair.1.dylib in Frameworks */ = {isa = PBXBuildFile; fileRef = 70D85FC51C2EBC5000929DAE /* libnvpair.1.dylib */; };
		7018764520E7B48C00BA39B8 /* libzfs_core.1.dylib in Frameworks */ = {isa = PBXBuildFile; fileRef = 70D85FBA1C2C18BE00929DAE /* libzfs_core.1.dylib */; };
		7018764620E7B48E00BA39B8 /* libzfs.2.dylib in Frameworks */ = {isa = PBXBuildFile; fileRef = 70D85FBB1C2C18BE00929DAE /* libzfs.2.dylib */; };
		7018764720E7B49A00BA39B8 /* ZFSWrapper.h in Headers */ = {isa = PBXBuildFile; fileRef = 70D85FE41C316E8F00929DAE /* ZFSWrapper.h */; };
		7018764820E7B4A100BA39B8 /* ZFSNVList.hpp in Headers */ = {isa = PBXBuildFile; fileRef = 70D85FC31C2EAE5A00929DAE /* ZFSNVList.hpp */; };
		7018764920E7B4A300BA39B8 /* ZFSStrings.hpp in Headers */ = {isa = PBXBuildFile; fileRef = 70D85FC11C2D9CC900929DAE /* ZFSStrings.hpp */; };
		7018764A20E7B4A600BA39B8 /* ZFSUtils.hpp in Headers */ = {isa = PBXBuildFile; fileRef = 70D85FB81C2C076E00929DAE /* ZFSUtils.hpp */; };
		7018764B20E7B55700BA39B8 /* libZFSWrapperStatic.a in Frameworks */ = {isa = PBXBuildFile; fileRef = 7018763D20E7B44800BA39B8 /* libZFSWrapperStatic.a */; };
		7018764C20E7B57600BA39B8 /* libnvpair.1.dylib in Frameworks */ = {isa = PBXBuildFile; fileRef = 70D85FC51C2EBC5000929DAE /* libnvpair.1.dylib */; };
		7018764D20E7B57700BA39B8 /* libzfs_core.1.dylib in Frameworks */ = {isa = PBXBuildFile; fileRef = 70D85FBA1C2C18BE00929DAE /* libzfs_core.1.dylib */; };
		7018764E20E7B57900BA39B8 /* libzfs.2.dylib in Frameworks */ = {isa = PBXBuildFile; fileRef = 70D85FBB1C2C18BE00929DAE /* libzfs.2.dylib */; };
		7018765120E7B6A500BA39B8 /* ZFSUtils.hpp in Headers */ = {isa = PBXBuildFile; fileRef = 70D85FB81C2C076E00929DAE /* ZFSUtils.hpp */; settings = {ATTRIBUTES = (Public, ); }; };
		7018765220E7B6A700BA39B8 /* ZFSStrings.hpp in Headers */ = {isa = PBXBuildFile; fileRef = 70D85FC11C2D9CC900929DAE /* ZFSStrings.hpp */; settings = {ATTRIBUTES = (Public, ); }; };
		7018765320E7B6B500BA39B8 /* ZFSNVList.hpp in Headers */ = {isa = PBXBuildFile; fileRef = 70D85FC31C2EAE5A00929DAE /* ZFSNVList.hpp */; settings = {ATTRIBUTES = (Public, ); }; };
		7018765620E7B79E00BA39B8 /* libZFSWrapperStatic.a in Frameworks */ = {isa = PBXBuildFile; fileRef = 7018763D20E7B44800BA39B8 /* libZFSWrapperStatic.a */; };
		7018765720E7B7A200BA39B8 /* libnvpair.1.dylib in Frameworks */ = {isa = PBXBuildFile; fileRef = 70D85FC51C2EBC5000929DAE /* libnvpair.1.dylib */; };
		7018765820E7B7A300BA39B8 /* libzfs_core.1.dylib in Frameworks */ = {isa = PBXBuildFile; fileRef = 70D85FBA1C2C18BE00929DAE /* libzfs_core.1.dylib */; };
		7018765920E7B7A500BA39B8 /* libzfs.2.dylib in Frameworks */ = {isa = PBXBuildFile; fileRef = 70D85FBB1C2C18BE00929DAE /* libzfs.2.dylib */; };
		7018765B20E7DA8100BA39B8 /* libzpool.1.dylib in Frameworks */ = {isa = PBXBuildFile; fileRef = 7018765A20E7DA8100BA39B8 /* libzpool.1.dylib */; };
		7018765C20E7DA8100BA39B8 /* libzpool.1.dylib in Frameworks */ = {isa = PBXBuildFile; fileRef = 7018765A20E7DA8100BA39B8 /* libzpool.1.dylib */; };
		7018765D20E7DA9900BA39B8 /* libzpool.1.dylib in Frameworks */ = {isa = PBXBuildFile; fileRef = 7018765A20E7DA8100BA39B8 /* libzpool.1.dylib */; };
		7018765E20E7DA9900BA39B8 /* libzpool.1.dylib in Frameworks */ = {isa = PBXBuildFile; fileRef = 7018765A20E7DA8100BA39B8 /* libzpool.1.dylib */; };
		703811A12312A2CB002C760A /* ZetaNotificationCenter.m in Sources */ = {isa = PBXBuildFile; fileRef = 703811A02312A2CB002C760A /* ZetaNotificationCenter.m */; };
		70703F3722AD7633002C760A /* DiskArbitration.framework in Frameworks */ = {isa = PBXBuildFile; fileRef = 70703F3622AD7633002C760A /* DiskArbitration.framework */; };
		70703F3922AD7A17002C760A /* IDDiskArbitrationUtils.cpp in Sources */ = {isa = PBXBuildFile; fileRef = 70703F3822AD7A16002C760A /* IDDiskArbitrationUtils.cpp */; };
		709C1CAD1C354F8B00929DAE /* ZetaPoolWatcher.mm in Sources */ = {isa = PBXBuildFile; fileRef = 709C1CAC1C354F8B00929DAE /* ZetaPoolWatcher.mm */; };
		70AE5AB222A3DBAA002C760A /* ZetaImportMenuDelegate.mm in Sources */ = {isa = PBXBuildFile; fileRef = 70AE5AB122A3DBAA002C760A /* ZetaImportMenuDelegate.mm */; };
		70AE5AB522A3F7D3002C760A /* ZetaBaseDelegate.mm in Sources */ = {isa = PBXBuildFile; fileRef = 70AE5AB422A3F7D3002C760A /* ZetaBaseDelegate.mm */; };
		70B4E4C922F45E7C002C760A /* IDDiskArbitrationDispatcher.cpp in Sources */ = {isa = PBXBuildFile; fileRef = 70B4E4C622F45E7C002C760A /* IDDiskArbitrationDispatcher.cpp */; };
		70B4E4CC22F469FC002C760A /* ZetaAutoImporter.mm in Sources */ = {isa = PBXBuildFile; fileRef = 70B4E4CA22F469FC002C760A /* ZetaAutoImporter.mm */; };
		70C930D822122CBD00BA39B8 /* Localizable.strings in Resources */ = {isa = PBXBuildFile; fileRef = 70C930D622122CBD00BA39B8 /* Localizable.strings */; };
		70D85FE51C316E8F00929DAE /* ZFSWrapper.h in Headers */ = {isa = PBXBuildFile; fileRef = 70D85FE41C316E8F00929DAE /* ZFSWrapper.h */; settings = {ATTRIBUTES = (Public, ); }; };
		70D85FEF1C316F3100929DAE /* ZFSUtils.cpp in Sources */ = {isa = PBXBuildFile; fileRef = 70D85FB71C2C076E00929DAE /* ZFSUtils.cpp */; };
		70D85FF01C316F3100929DAE /* ZFSStrings.mm in Sources */ = {isa = PBXBuildFile; fileRef = 70D85FBF1C2D9CB900929DAE /* ZFSStrings.mm */; };
		70D85FF11C316F3100929DAE /* ZFSNVList.cpp in Sources */ = {isa = PBXBuildFile; fileRef = 70D85FC21C2EAE5A00929DAE /* ZFSNVList.cpp */; };
		70D85FF21C316FCB00929DAE /* libnvpair.1.dylib in Frameworks */ = {isa = PBXBuildFile; fileRef = 70D85FC51C2EBC5000929DAE /* libnvpair.1.dylib */; };
		70D85FF31C316FCB00929DAE /* libzfs_core.1.dylib in Frameworks */ = {isa = PBXBuildFile; fileRef = 70D85FBA1C2C18BE00929DAE /* libzfs_core.1.dylib */; };
		70D85FF41C316FCB00929DAE /* libzfs.2.dylib in Frameworks */ = {isa = PBXBuildFile; fileRef = 70D85FBB1C2C18BE00929DAE /* libzfs.2.dylib */; };
		70EA5F5022BEC358002C760A /* ZetaFileSystemPropertyMenuDelegate.mm in Sources */ = {isa = PBXBuildFile; fileRef = 70EA5F4F22BEC358002C760A /* ZetaFileSystemPropertyMenuDelegate.mm */; };
		70EA5F5322BEC7B1002C760A /* ZetaFormatHelpers.cpp in Sources */ = {isa = PBXBuildFile; fileRef = 70EA5F5222BEC7B1002C760A /* ZetaFormatHelpers.cpp */; };
		70EA5F5622BED079002C760A /* ZetaPoolPropertyMenuDelegate.mm in Sources */ = {isa = PBXBuildFile; fileRef = 70EA5F5522BED079002C760A /* ZetaPoolPropertyMenuDelegate.mm */; };
		70EABDC01FF9992A00BA39B8 /* ZetaAuthorization.m in Sources */ = {isa = PBXBuildFile; fileRef = 70EABDBF1FF9992A00BA39B8 /* ZetaAuthorization.m */; };
		70EABDC41FF9A8D100BA39B8 /* CommonAuthorization.m in Sources */ = {isa = PBXBuildFile; fileRef = 70EABDC31FF9A8D100BA39B8 /* CommonAuthorization.m */; };
		70EABDCD1FF9ACB300BA39B8 /* main.m in Sources */ = {isa = PBXBuildFile; fileRef = 70EABDCC1FF9ACB300BA39B8 /* main.m */; };
		70EABDD41FF9B21C00BA39B8 /* ZetaAuthorizationHelper.mm in Sources */ = {isa = PBXBuildFile; fileRef = 70EABDD31FF9B21C00BA39B8 /* ZetaAuthorizationHelper.mm */; };
		70EABDD91FF9B6C600BA39B8 /* net.the-color-black.ZetaAuthorizationHelper in CopyFiles */ = {isa = PBXBuildFile; fileRef = 70EABDCA1FF9ACB300BA39B8 /* net.the-color-black.ZetaAuthorizationHelper */; settings = {ATTRIBUTES = (CodeSignOnCopy, ); }; };
		70EABDDA1FF9C05700BA39B8 /* CommonAuthorization.m in Sources */ = {isa = PBXBuildFile; fileRef = 70EABDC31FF9A8D100BA39B8 /* CommonAuthorization.m */; };
		70EABDDC1FF9C1F000BA39B8 /* CommonAuthorization.strings in Resources */ = {isa = PBXBuildFile; fileRef = 70EABDDB1FF9C11E00BA39B8 /* CommonAuthorization.strings */; };
/* End PBXBuildFile section */

/* Begin PBXContainerItemProxy section */
		7018764F20E7B62400BA39B8 /* PBXContainerItemProxy */ = {
			isa = PBXContainerItemProxy;
			containerPortal = 7006C4731C26CA1400929DAE /* Project object */;
			proxyType = 1;
			remoteGlobalIDString = 7018763C20E7B44800BA39B8;
			remoteInfo = ZFSWrapperStatic;
		};
		7018765420E7B79800BA39B8 /* PBXContainerItemProxy */ = {
			isa = PBXContainerItemProxy;
			containerPortal = 7006C4731C26CA1400929DAE /* Project object */;
			proxyType = 1;
			remoteGlobalIDString = 7018763C20E7B44800BA39B8;
			remoteInfo = ZFSWrapperStatic;
		};
		70EABDD61FF9B69000BA39B8 /* PBXContainerItemProxy */ = {
			isa = PBXContainerItemProxy;
			containerPortal = 7006C4731C26CA1400929DAE /* Project object */;
			proxyType = 1;
			remoteGlobalIDString = 70EABDC91FF9ACB300BA39B8;
			remoteInfo = ZetaAuthorizationHelper;
		};
/* End PBXContainerItemProxy section */

/* Begin PBXCopyFilesBuildPhase section */
		70D85FEE1C316E8F00929DAE /* Embed Frameworks */ = {
			isa = PBXCopyFilesBuildPhase;
			buildActionMask = 2147483647;
			dstPath = "";
			dstSubfolderSpec = 10;
			files = (
			);
			name = "Embed Frameworks";
			runOnlyForDeploymentPostprocessing = 0;
		};
		70EABDD81FF9B6A200BA39B8 /* CopyFiles */ = {
			isa = PBXCopyFilesBuildPhase;
			buildActionMask = 2147483647;
			dstPath = Contents/Library/LaunchServices;
			dstSubfolderSpec = 1;
			files = (
				70EABDD91FF9B6C600BA39B8 /* net.the-color-black.ZetaAuthorizationHelper in CopyFiles */,
			);
			runOnlyForDeploymentPostprocessing = 0;
		};
/* End PBXCopyFilesBuildPhase section */

/* Begin PBXFileReference section */
		7006C47B1C26CA1500929DAE /* ZetaWatch.app */ = {isa = PBXFileReference; explicitFileType = wrapper.application; includeInIndex = 0; path = ZetaWatch.app; sourceTree = BUILT_PRODUCTS_DIR; };
		7006C47E1C26CA1500929DAE /* ZetaWatchDelegate.h */ = {isa = PBXFileReference; lastKnownFileType = sourcecode.c.h; path = ZetaWatchDelegate.h; sourceTree = "<group>"; };
		7006C47F1C26CA1500929DAE /* ZetaWatchDelegate.mm */ = {isa = PBXFileReference; lastKnownFileType = sourcecode.cpp.objcpp; path = ZetaWatchDelegate.mm; sourceTree = "<group>"; };
		7006C4821C26CA1500929DAE /* main.m */ = {isa = PBXFileReference; lastKnownFileType = sourcecode.c.objc; path = main.m; sourceTree = "<group>"; };
		7006C4841C26CA1500929DAE /* Assets.xcassets */ = {isa = PBXFileReference; lastKnownFileType = folder.assetcatalog; path = Assets.xcassets; sourceTree = "<group>"; };
		7006C4871C26CA1500929DAE /* Base */ = {isa = PBXFileReference; lastKnownFileType = file.xib; name = Base; path = Base.lproj/MainMenu.xib; sourceTree = "<group>"; };
		7006C4891C26CA1500929DAE /* Info.plist */ = {isa = PBXFileReference; lastKnownFileType = text.plist.xml; path = Info.plist; sourceTree = "<group>"; };
		7006C4AB1C26D3E700929DAE /* ZetaMenuDelegate.mm */ = {isa = PBXFileReference; fileEncoding = 4; lastKnownFileType = sourcecode.cpp.objcpp; path = ZetaMenuDelegate.mm; sourceTree = "<group>"; };
		7006C4AD1C26D3FA00929DAE /* ZetaMenuDelegate.h */ = {isa = PBXFileReference; lastKnownFileType = sourcecode.c.h; path = ZetaMenuDelegate.h; sourceTree = "<group>"; };
		70168B6422B64E48002C760A /* ZetaKeyLoaderDelegate.h */ = {isa = PBXFileReference; lastKnownFileType = sourcecode.c.h; path = ZetaKeyLoaderDelegate.h; sourceTree = "<group>"; };
		70168B6522B64E48002C760A /* ZetaKeyLoaderDelegate.mm */ = {isa = PBXFileReference; lastKnownFileType = sourcecode.cpp.objcpp; path = ZetaKeyLoaderDelegate.mm; sourceTree = "<group>"; };
		7018763D20E7B44800BA39B8 /* libZFSWrapperStatic.a */ = {isa = PBXFileReference; explicitFileType = archive.ar; includeInIndex = 0; path = libZFSWrapperStatic.a; sourceTree = BUILT_PRODUCTS_DIR; };
		7018765A20E7DA8100BA39B8 /* libzpool.1.dylib */ = {isa = PBXFileReference; lastKnownFileType = "compiled.mach-o.dylib"; path = libzpool.1.dylib; sourceTree = "<group>"; };
		703811A02312A2CB002C760A /* ZetaNotificationCenter.m */ = {isa = PBXFileReference; lastKnownFileType = sourcecode.c.objc; path = ZetaNotificationCenter.m; sourceTree = "<group>"; };
		703811A22312A2E6002C760A /* ZetaNotificationCenter.h */ = {isa = PBXFileReference; lastKnownFileType = sourcecode.c.h; path = ZetaNotificationCenter.h; sourceTree = "<group>"; };
		70703F3622AD7633002C760A /* DiskArbitration.framework */ = {isa = PBXFileReference; lastKnownFileType = wrapper.framework; name = DiskArbitration.framework; path = System/Library/Frameworks/DiskArbitration.framework; sourceTree = SDKROOT; };
		70703F3822AD7A16002C760A /* IDDiskArbitrationUtils.cpp */ = {isa = PBXFileReference; lastKnownFileType = sourcecode.cpp.cpp; name = IDDiskArbitrationUtils.cpp; path = InvariantDisks/IDDiskArbitrationUtils.cpp; sourceTree = "<group>"; };
		7072697B22EDB2BE002C760A /* ZetaCPPUtils.hpp */ = {isa = PBXFileReference; lastKnownFileType = sourcecode.cpp.h; path = ZetaCPPUtils.hpp; sourceTree = "<group>"; };
		709C1CAC1C354F8B00929DAE /* ZetaPoolWatcher.mm */ = {isa = PBXFileReference; fileEncoding = 4; lastKnownFileType = sourcecode.cpp.objcpp; path = ZetaPoolWatcher.mm; sourceTree = "<group>"; };
		709C1CAE1C354F9B00929DAE /* ZetaPoolWatcher.h */ = {isa = PBXFileReference; lastKnownFileType = sourcecode.c.h; path = ZetaPoolWatcher.h; sourceTree = "<group>"; };
		70A60A4622AD7A5F002C760A /* IDDiskArbitrationUtils.hpp */ = {isa = PBXFileReference; fileEncoding = 4; lastKnownFileType = sourcecode.cpp.h; name = IDDiskArbitrationUtils.hpp; path = InvariantDisks/IDDiskArbitrationUtils.hpp; sourceTree = "<group>"; };
		70AE5AB122A3DBAA002C760A /* ZetaImportMenuDelegate.mm */ = {isa = PBXFileReference; lastKnownFileType = sourcecode.cpp.objcpp; path = ZetaImportMenuDelegate.mm; sourceTree = "<group>"; };
		70AE5AB322A3DBBF002C760A /* ZetaImportMenuDelegate.h */ = {isa = PBXFileReference; lastKnownFileType = sourcecode.c.h; path = ZetaImportMenuDelegate.h; sourceTree = "<group>"; };
		70AE5AB422A3F7D3002C760A /* ZetaBaseDelegate.mm */ = {isa = PBXFileReference; lastKnownFileType = sourcecode.cpp.objcpp; path = ZetaBaseDelegate.mm; sourceTree = "<group>"; };
		70AE5AB622A3F7E4002C760A /* ZetaBaseDelegate.h */ = {isa = PBXFileReference; lastKnownFileType = sourcecode.c.h; path = ZetaBaseDelegate.h; sourceTree = "<group>"; };
		70B4E4C622F45E7C002C760A /* IDDiskArbitrationDispatcher.cpp */ = {isa = PBXFileReference; fileEncoding = 4; lastKnownFileType = sourcecode.cpp.cpp; name = IDDiskArbitrationDispatcher.cpp; path = InvariantDisks/IDDiskArbitrationDispatcher.cpp; sourceTree = "<group>"; };
		70B4E4C722F45E7C002C760A /* IDDiskArbitrationDispatcher.hpp */ = {isa = PBXFileReference; fileEncoding = 4; lastKnownFileType = sourcecode.cpp.h; name = IDDiskArbitrationDispatcher.hpp; path = InvariantDisks/IDDiskArbitrationDispatcher.hpp; sourceTree = "<group>"; };
		70B4E4C822F45E7C002C760A /* IDDiskArbitrationHandler.hpp */ = {isa = PBXFileReference; fileEncoding = 4; lastKnownFileType = sourcecode.cpp.h; name = IDDiskArbitrationHandler.hpp; path = InvariantDisks/IDDiskArbitrationHandler.hpp; sourceTree = "<group>"; };
		70B4E4CA22F469FC002C760A /* ZetaAutoImporter.mm */ = {isa = PBXFileReference; lastKnownFileType = sourcecode.cpp.objcpp; path = ZetaAutoImporter.mm; sourceTree = "<group>"; };
		70B4E4CB22F469FC002C760A /* ZetaAutoImporter.h */ = {isa = PBXFileReference; lastKnownFileType = sourcecode.c.h; path = ZetaAutoImporter.h; sourceTree = "<group>"; };
		70C930D722122CBD00BA39B8 /* Base */ = {isa = PBXFileReference; lastKnownFileType = text.plist.strings; name = Base; path = Base.lproj/Localizable.strings; sourceTree = "<group>"; };
		70D85FB71C2C076E00929DAE /* ZFSUtils.cpp */ = {isa = PBXFileReference; fileEncoding = 4; lastKnownFileType = sourcecode.cpp.cpp; path = ZFSUtils.cpp; sourceTree = "<group>"; };
		70D85FB81C2C076E00929DAE /* ZFSUtils.hpp */ = {isa = PBXFileReference; fileEncoding = 4; lastKnownFileType = sourcecode.cpp.h; path = ZFSUtils.hpp; sourceTree = "<group>"; };
		70D85FBA1C2C18BE00929DAE /* libzfs_core.1.dylib */ = {isa = PBXFileReference; lastKnownFileType = "compiled.mach-o.dylib"; path = libzfs_core.1.dylib; sourceTree = "<group>"; };
		70D85FBB1C2C18BE00929DAE /* libzfs.2.dylib */ = {isa = PBXFileReference; lastKnownFileType = "compiled.mach-o.dylib"; path = libzfs.2.dylib; sourceTree = "<group>"; };
		70D85FBF1C2D9CB900929DAE /* ZFSStrings.mm */ = {isa = PBXFileReference; fileEncoding = 4; lastKnownFileType = sourcecode.cpp.objcpp; path = ZFSStrings.mm; sourceTree = "<group>"; };
		70D85FC11C2D9CC900929DAE /* ZFSStrings.hpp */ = {isa = PBXFileReference; lastKnownFileType = sourcecode.cpp.h; path = ZFSStrings.hpp; sourceTree = "<group>"; };
		70D85FC21C2EAE5A00929DAE /* ZFSNVList.cpp */ = {isa = PBXFileReference; fileEncoding = 4; lastKnownFileType = sourcecode.cpp.cpp; path = ZFSNVList.cpp; sourceTree = "<group>"; };
		70D85FC31C2EAE5A00929DAE /* ZFSNVList.hpp */ = {isa = PBXFileReference; fileEncoding = 4; lastKnownFileType = sourcecode.cpp.h; path = ZFSNVList.hpp; sourceTree = "<group>"; };
		70D85FC51C2EBC5000929DAE /* libnvpair.1.dylib */ = {isa = PBXFileReference; lastKnownFileType = "compiled.mach-o.dylib"; path = libnvpair.1.dylib; sourceTree = "<group>"; };
		70D85FE21C316E8F00929DAE /* ZFSWrapper.framework */ = {isa = PBXFileReference; explicitFileType = wrapper.framework; includeInIndex = 0; path = ZFSWrapper.framework; sourceTree = BUILT_PRODUCTS_DIR; };
		70D85FE41C316E8F00929DAE /* ZFSWrapper.h */ = {isa = PBXFileReference; lastKnownFileType = sourcecode.c.h; path = ZFSWrapper.h; sourceTree = "<group>"; };
		70D85FE61C316E8F00929DAE /* Info.plist */ = {isa = PBXFileReference; lastKnownFileType = text.plist.xml; path = Info.plist; sourceTree = "<group>"; };
		70EA5F4E22BEC358002C760A /* ZetaFileSystemPropertyMenuDelegate.h */ = {isa = PBXFileReference; lastKnownFileType = sourcecode.c.h; path = ZetaFileSystemPropertyMenuDelegate.h; sourceTree = "<group>"; };
		70EA5F4F22BEC358002C760A /* ZetaFileSystemPropertyMenuDelegate.mm */ = {isa = PBXFileReference; lastKnownFileType = sourcecode.cpp.objcpp; path = ZetaFileSystemPropertyMenuDelegate.mm; sourceTree = "<group>"; };
		70EA5F5122BEC6BC002C760A /* ZetaFormatHelpers.hpp */ = {isa = PBXFileReference; lastKnownFileType = sourcecode.cpp.h; path = ZetaFormatHelpers.hpp; sourceTree = "<group>"; };
		70EA5F5222BEC7B1002C760A /* ZetaFormatHelpers.cpp */ = {isa = PBXFileReference; lastKnownFileType = sourcecode.cpp.cpp; path = ZetaFormatHelpers.cpp; sourceTree = "<group>"; };
		70EA5F5422BED079002C760A /* ZetaPoolPropertyMenuDelegate.h */ = {isa = PBXFileReference; fileEncoding = 4; lastKnownFileType = sourcecode.c.h; path = ZetaPoolPropertyMenuDelegate.h; sourceTree = "<group>"; };
		70EA5F5522BED079002C760A /* ZetaPoolPropertyMenuDelegate.mm */ = {isa = PBXFileReference; fileEncoding = 4; lastKnownFileType = sourcecode.cpp.objcpp; path = ZetaPoolPropertyMenuDelegate.mm; sourceTree = "<group>"; };
		70EABDBE1FF9992A00BA39B8 /* ZetaAuthorization.h */ = {isa = PBXFileReference; lastKnownFileType = sourcecode.c.h; path = ZetaAuthorization.h; sourceTree = "<group>"; };
		70EABDBF1FF9992A00BA39B8 /* ZetaAuthorization.m */ = {isa = PBXFileReference; lastKnownFileType = sourcecode.c.objc; path = ZetaAuthorization.m; sourceTree = "<group>"; };
		70EABDC21FF9A8D100BA39B8 /* CommonAuthorization.h */ = {isa = PBXFileReference; lastKnownFileType = sourcecode.c.h; path = CommonAuthorization.h; sourceTree = "<group>"; };
		70EABDC31FF9A8D100BA39B8 /* CommonAuthorization.m */ = {isa = PBXFileReference; lastKnownFileType = sourcecode.c.objc; path = CommonAuthorization.m; sourceTree = "<group>"; };
		70EABDC51FF9AAB800BA39B8 /* ZetaAuthorizationHelperProtocol.h */ = {isa = PBXFileReference; lastKnownFileType = sourcecode.c.h; path = ZetaAuthorizationHelperProtocol.h; sourceTree = "<group>"; };
		70EABDCA1FF9ACB300BA39B8 /* net.the-color-black.ZetaAuthorizationHelper */ = {isa = PBXFileReference; explicitFileType = "compiled.mach-o.executable"; includeInIndex = 0; path = "net.the-color-black.ZetaAuthorizationHelper"; sourceTree = BUILT_PRODUCTS_DIR; };
		70EABDCC1FF9ACB300BA39B8 /* main.m */ = {isa = PBXFileReference; lastKnownFileType = sourcecode.c.objc; path = main.m; sourceTree = "<group>"; };
		70EABDD11FF9AE2800BA39B8 /* Info.plist */ = {isa = PBXFileReference; lastKnownFileType = text.plist.xml; path = Info.plist; sourceTree = "<group>"; };
		70EABDD21FF9B21C00BA39B8 /* ZetaAuthorizationHelper.h */ = {isa = PBXFileReference; lastKnownFileType = sourcecode.c.h; path = ZetaAuthorizationHelper.h; sourceTree = "<group>"; };
		70EABDD31FF9B21C00BA39B8 /* ZetaAuthorizationHelper.mm */ = {isa = PBXFileReference; lastKnownFileType = sourcecode.cpp.objcpp; path = ZetaAuthorizationHelper.mm; sourceTree = "<group>"; };
		70EABDD51FF9B40F00BA39B8 /* Launchd.plist */ = {isa = PBXFileReference; fileEncoding = 4; lastKnownFileType = text.plist.xml; path = Launchd.plist; sourceTree = "<group>"; };
		70EABDDB1FF9C11E00BA39B8 /* CommonAuthorization.strings */ = {isa = PBXFileReference; fileEncoding = 10; lastKnownFileType = text.plist.strings; path = CommonAuthorization.strings; sourceTree = "<group>"; };
		70F386AA22906D36002C760A /* ZetaWatch.entitlements */ = {isa = PBXFileReference; lastKnownFileType = text.plist.entitlements; path = ZetaWatch.entitlements; sourceTree = "<group>"; };
/* End PBXFileReference section */

/* Begin PBXFrameworksBuildPhase section */
		7006C4781C26CA1400929DAE /* Frameworks */ = {
			isa = PBXFrameworksBuildPhase;
			buildActionMask = 2147483647;
			files = (
				70703F3722AD7633002C760A /* DiskArbitration.framework in Frameworks */,
				7018764B20E7B55700BA39B8 /* libZFSWrapperStatic.a in Frameworks */,
				7018765E20E7DA9900BA39B8 /* libzpool.1.dylib in Frameworks */,
				7018764C20E7B57600BA39B8 /* libnvpair.1.dylib in Frameworks */,
				7018764D20E7B57700BA39B8 /* libzfs_core.1.dylib in Frameworks */,
				7018764E20E7B57900BA39B8 /* libzfs.2.dylib in Frameworks */,
			);
			runOnlyForDeploymentPostprocessing = 0;
		};
		7018763A20E7B44800BA39B8 /* Frameworks */ = {
			isa = PBXFrameworksBuildPhase;
			buildActionMask = 2147483647;
			files = (
				7018765C20E7DA8100BA39B8 /* libzpool.1.dylib in Frameworks */,
				7018764520E7B48C00BA39B8 /* libzfs_core.1.dylib in Frameworks */,
				7018764620E7B48E00BA39B8 /* libzfs.2.dylib in Frameworks */,
				7018764420E7B48A00BA39B8 /* libnvpair.1.dylib in Frameworks */,
			);
			runOnlyForDeploymentPostprocessing = 0;
		};
		70D85FDE1C316E8F00929DAE /* Frameworks */ = {
			isa = PBXFrameworksBuildPhase;
			buildActionMask = 2147483647;
			files = (
				7018765B20E7DA8100BA39B8 /* libzpool.1.dylib in Frameworks */,
				70D85FF31C316FCB00929DAE /* libzfs_core.1.dylib in Frameworks */,
				70D85FF21C316FCB00929DAE /* libnvpair.1.dylib in Frameworks */,
				70D85FF41C316FCB00929DAE /* libzfs.2.dylib in Frameworks */,
			);
			runOnlyForDeploymentPostprocessing = 0;
		};
		70EABDC71FF9ACB300BA39B8 /* Frameworks */ = {
			isa = PBXFrameworksBuildPhase;
			buildActionMask = 2147483647;
			files = (
				7018765620E7B79E00BA39B8 /* libZFSWrapperStatic.a in Frameworks */,
				7018765D20E7DA9900BA39B8 /* libzpool.1.dylib in Frameworks */,
				7018765720E7B7A200BA39B8 /* libnvpair.1.dylib in Frameworks */,
				7018765820E7B7A300BA39B8 /* libzfs_core.1.dylib in Frameworks */,
				7018765920E7B7A500BA39B8 /* libzfs.2.dylib in Frameworks */,
			);
			runOnlyForDeploymentPostprocessing = 0;
		};
/* End PBXFrameworksBuildPhase section */

/* Begin PBXGroup section */
		7006C4721C26CA1400929DAE = {
			isa = PBXGroup;
			children = (
				7006C47D1C26CA1500929DAE /* ZetaWatch */,
				70D85FCC1C316B0900929DAE /* ZFSWrapper */,
				70EABDCB1FF9ACB300BA39B8 /* ZetaAuthorizationHelper */,
				70EABDC11FF9A81800BA39B8 /* CommonAuthorization */,
				7006C47C1C26CA1500929DAE /* Products */,
				70DB77B11FFAD8E300BA39B8 /* Frameworks */,
			);
			sourceTree = "<group>";
		};
		7006C47C1C26CA1500929DAE /* Products */ = {
			isa = PBXGroup;
			children = (
				7006C47B1C26CA1500929DAE /* ZetaWatch.app */,
				70D85FE21C316E8F00929DAE /* ZFSWrapper.framework */,
				70EABDCA1FF9ACB300BA39B8 /* net.the-color-black.ZetaAuthorizationHelper */,
				7018763D20E7B44800BA39B8 /* libZFSWrapperStatic.a */,
			);
			name = Products;
			sourceTree = "<group>";
		};
		7006C47D1C26CA1500929DAE /* ZetaWatch */ = {
			isa = PBXGroup;
			children = (
				7006C47E1C26CA1500929DAE /* ZetaWatchDelegate.h */,
				7006C47F1C26CA1500929DAE /* ZetaWatchDelegate.mm */,
				70AE5AB622A3F7E4002C760A /* ZetaBaseDelegate.h */,
				70AE5AB422A3F7D3002C760A /* ZetaBaseDelegate.mm */,
				7006C4AD1C26D3FA00929DAE /* ZetaMenuDelegate.h */,
				7006C4AB1C26D3E700929DAE /* ZetaMenuDelegate.mm */,
				70EA5F4E22BEC358002C760A /* ZetaFileSystemPropertyMenuDelegate.h */,
				70EA5F4F22BEC358002C760A /* ZetaFileSystemPropertyMenuDelegate.mm */,
				70EA5F5422BED079002C760A /* ZetaPoolPropertyMenuDelegate.h */,
				70EA5F5522BED079002C760A /* ZetaPoolPropertyMenuDelegate.mm */,
				70AE5AB322A3DBBF002C760A /* ZetaImportMenuDelegate.h */,
				70AE5AB122A3DBAA002C760A /* ZetaImportMenuDelegate.mm */,
				70168B6422B64E48002C760A /* ZetaKeyLoaderDelegate.h */,
				70168B6522B64E48002C760A /* ZetaKeyLoaderDelegate.mm */,
				709C1CAE1C354F9B00929DAE /* ZetaPoolWatcher.h */,
				709C1CAC1C354F8B00929DAE /* ZetaPoolWatcher.mm */,
				70B4E4CB22F469FC002C760A /* ZetaAutoImporter.h */,
				70B4E4CA22F469FC002C760A /* ZetaAutoImporter.mm */,
				70EABDBE1FF9992A00BA39B8 /* ZetaAuthorization.h */,
				70EABDBF1FF9992A00BA39B8 /* ZetaAuthorization.m */,
				703811A22312A2E6002C760A /* ZetaNotificationCenter.h */,
				703811A02312A2CB002C760A /* ZetaNotificationCenter.m */,
				70EA5F5122BEC6BC002C760A /* ZetaFormatHelpers.hpp */,
				70EA5F5222BEC7B1002C760A /* ZetaFormatHelpers.cpp */,
				70A60A4622AD7A5F002C760A /* IDDiskArbitrationUtils.hpp */,
				70703F3822AD7A16002C760A /* IDDiskArbitrationUtils.cpp */,
				70B4E4C722F45E7C002C760A /* IDDiskArbitrationDispatcher.hpp */,
				70B4E4C622F45E7C002C760A /* IDDiskArbitrationDispatcher.cpp */,
				70B4E4C822F45E7C002C760A /* IDDiskArbitrationHandler.hpp */,
				7006C4841C26CA1500929DAE /* Assets.xcassets */,
				70C930D622122CBD00BA39B8 /* Localizable.strings */,
				7006C4861C26CA1500929DAE /* MainMenu.xib */,
				7006C4891C26CA1500929DAE /* Info.plist */,
				70F386AA22906D36002C760A /* ZetaWatch.entitlements */,
				7006C4811C26CA1500929DAE /* Supporting Files */,
			);
			path = ZetaWatch;
			sourceTree = "<group>";
		};
		7006C4811C26CA1500929DAE /* Supporting Files */ = {
			isa = PBXGroup;
			children = (
				7006C4821C26CA1500929DAE /* main.m */,
			);
			name = "Supporting Files";
			sourceTree = "<group>";
		};
		70D85FBE1C2C1D9100929DAE /* lib */ = {
			isa = PBXGroup;
			children = (
				70D85FC51C2EBC5000929DAE /* libnvpair.1.dylib */,
				70D85FBA1C2C18BE00929DAE /* libzfs_core.1.dylib */,
				70D85FBB1C2C18BE00929DAE /* libzfs.2.dylib */,
				7018765A20E7DA8100BA39B8 /* libzpool.1.dylib */,
			);
			name = lib;
			path = /usr/local/lib;
			sourceTree = "<absolute>";
		};
		70D85FCC1C316B0900929DAE /* ZFSWrapper */ = {
			isa = PBXGroup;
			children = (
				70D85FB81C2C076E00929DAE /* ZFSUtils.hpp */,
				70D85FB71C2C076E00929DAE /* ZFSUtils.cpp */,
				70D85FC11C2D9CC900929DAE /* ZFSStrings.hpp */,
				70D85FBF1C2D9CB900929DAE /* ZFSStrings.mm */,
				70D85FC31C2EAE5A00929DAE /* ZFSNVList.hpp */,
				70D85FC21C2EAE5A00929DAE /* ZFSNVList.cpp */,
				70D85FE41C316E8F00929DAE /* ZFSWrapper.h */,
				70D85FE61C316E8F00929DAE /* Info.plist */,
				70D85FBE1C2C1D9100929DAE /* lib */,
			);
			path = ZFSWrapper;
			sourceTree = "<group>";
		};
		70DB77B11FFAD8E300BA39B8 /* Frameworks */ = {
			isa = PBXGroup;
			children = (
				70703F3622AD7633002C760A /* DiskArbitration.framework */,
			);
			name = Frameworks;
			sourceTree = "<group>";
		};
		70EABDC11FF9A81800BA39B8 /* CommonAuthorization */ = {
			isa = PBXGroup;
			children = (
				70EABDC21FF9A8D100BA39B8 /* CommonAuthorization.h */,
				70EABDC31FF9A8D100BA39B8 /* CommonAuthorization.m */,
				70EABDDB1FF9C11E00BA39B8 /* CommonAuthorization.strings */,
			);
			path = CommonAuthorization;
			sourceTree = "<group>";
		};
		70EABDCB1FF9ACB300BA39B8 /* ZetaAuthorizationHelper */ = {
			isa = PBXGroup;
			children = (
				70EABDC51FF9AAB800BA39B8 /* ZetaAuthorizationHelperProtocol.h */,
				70EABDD21FF9B21C00BA39B8 /* ZetaAuthorizationHelper.h */,
				70EABDD31FF9B21C00BA39B8 /* ZetaAuthorizationHelper.mm */,
				7072697B22EDB2BE002C760A /* ZetaCPPUtils.hpp */,
				70EABDCC1FF9ACB300BA39B8 /* main.m */,
				70EABDD11FF9AE2800BA39B8 /* Info.plist */,
				70EABDD51FF9B40F00BA39B8 /* Launchd.plist */,
			);
			path = ZetaAuthorizationHelper;
			sourceTree = "<group>";
		};
/* End PBXGroup section */

/* Begin PBXHeadersBuildPhase section */
		7018763B20E7B44800BA39B8 /* Headers */ = {
			isa = PBXHeadersBuildPhase;
			buildActionMask = 2147483647;
			files = (
				7018764720E7B49A00BA39B8 /* ZFSWrapper.h in Headers */,
				7018764A20E7B4A600BA39B8 /* ZFSUtils.hpp in Headers */,
				7018764820E7B4A100BA39B8 /* ZFSNVList.hpp in Headers */,
				7018764920E7B4A300BA39B8 /* ZFSStrings.hpp in Headers */,
			);
			runOnlyForDeploymentPostprocessing = 0;
		};
		70D85FDF1C316E8F00929DAE /* Headers */ = {
			isa = PBXHeadersBuildPhase;
			buildActionMask = 2147483647;
			files = (
				70D85FE51C316E8F00929DAE /* ZFSWrapper.h in Headers */,
				7018765120E7B6A500BA39B8 /* ZFSUtils.hpp in Headers */,
				7018765320E7B6B500BA39B8 /* ZFSNVList.hpp in Headers */,
				7018765220E7B6A700BA39B8 /* ZFSStrings.hpp in Headers */,
			);
			runOnlyForDeploymentPostprocessing = 0;
		};
/* End PBXHeadersBuildPhase section */

/* Begin PBXNativeTarget section */
		7006C47A1C26CA1400929DAE /* ZetaWatch */ = {
			isa = PBXNativeTarget;
			buildConfigurationList = 7006C4A21C26CA1500929DAE /* Build configuration list for PBXNativeTarget "ZetaWatch" */;
			buildPhases = (
				7006C4771C26CA1400929DAE /* Sources */,
				7006C4781C26CA1400929DAE /* Frameworks */,
				7006C4791C26CA1400929DAE /* Resources */,
				70D85FEE1C316E8F00929DAE /* Embed Frameworks */,
				70EABDD81FF9B6A200BA39B8 /* CopyFiles */,
			);
			buildRules = (
			);
			dependencies = (
				7018765020E7B62400BA39B8 /* PBXTargetDependency */,
				70EABDD71FF9B69000BA39B8 /* PBXTargetDependency */,
			);
			name = ZetaWatch;
			productName = ZetaWatch;
			productReference = 7006C47B1C26CA1500929DAE /* ZetaWatch.app */;
			productType = "com.apple.product-type.application";
		};
		7018763C20E7B44800BA39B8 /* ZFSWrapperStatic */ = {
			isa = PBXNativeTarget;
			buildConfigurationList = 7018763E20E7B44800BA39B8 /* Build configuration list for PBXNativeTarget "ZFSWrapperStatic" */;
			buildPhases = (
				7018763920E7B44800BA39B8 /* Sources */,
				7018763A20E7B44800BA39B8 /* Frameworks */,
				7018763B20E7B44800BA39B8 /* Headers */,
			);
			buildRules = (
			);
			dependencies = (
			);
			name = ZFSWrapperStatic;
			productName = ZFSWrapperStatic;
			productReference = 7018763D20E7B44800BA39B8 /* libZFSWrapperStatic.a */;
			productType = "com.apple.product-type.library.static";
		};
		70D85FE11C316E8F00929DAE /* ZFSWrapper */ = {
			isa = PBXNativeTarget;
			buildConfigurationList = 70D85FEB1C316E8F00929DAE /* Build configuration list for PBXNativeTarget "ZFSWrapper" */;
			buildPhases = (
				70D85FDD1C316E8F00929DAE /* Sources */,
				70D85FDE1C316E8F00929DAE /* Frameworks */,
				70D85FDF1C316E8F00929DAE /* Headers */,
				70D85FE01C316E8F00929DAE /* Resources */,
			);
			buildRules = (
			);
			dependencies = (
			);
			name = ZFSWrapper;
			productName = ZFSWrapper;
			productReference = 70D85FE21C316E8F00929DAE /* ZFSWrapper.framework */;
			productType = "com.apple.product-type.framework";
		};
		70EABDC91FF9ACB300BA39B8 /* ZetaAuthorizationHelper */ = {
			isa = PBXNativeTarget;
			buildConfigurationList = 70EABDCE1FF9ACB300BA39B8 /* Build configuration list for PBXNativeTarget "ZetaAuthorizationHelper" */;
			buildPhases = (
				70EABDC61FF9ACB300BA39B8 /* Sources */,
				70EABDC71FF9ACB300BA39B8 /* Frameworks */,
			);
			buildRules = (
			);
			dependencies = (
				7018765520E7B79800BA39B8 /* PBXTargetDependency */,
			);
			name = ZetaAuthorizationHelper;
			productName = ZetaAuthorizationHelper;
			productReference = 70EABDCA1FF9ACB300BA39B8 /* net.the-color-black.ZetaAuthorizationHelper */;
			productType = "com.apple.product-type.tool";
		};
/* End PBXNativeTarget section */

/* Begin PBXProject section */
		7006C4731C26CA1400929DAE /* Project object */ = {
			isa = PBXProject;
			attributes = {
				LastUpgradeCheck = 1010;
				ORGANIZATIONNAME = "the-color-black.net";
				TargetAttributes = {
					7006C47A1C26CA1400929DAE = {
						CreatedOnToolsVersion = 7.2;
						DevelopmentTeam = 8THUW5GT6P;
						ProvisioningStyle = Manual;
					};
					7018763C20E7B44800BA39B8 = {
						CreatedOnToolsVersion = 9.4.1;
						DevelopmentTeam = 8THUW5GT6P;
						ProvisioningStyle = Automatic;
					};
					70D85FE11C316E8F00929DAE = {
						CreatedOnToolsVersion = 7.2;
						DevelopmentTeam = 8THUW5GT6P;
						ProvisioningStyle = Manual;
					};
					70EABDC91FF9ACB300BA39B8 = {
						CreatedOnToolsVersion = 9.2;
						DevelopmentTeam = 8THUW5GT6P;
						ProvisioningStyle = Manual;
					};
				};
			};
			buildConfigurationList = 7006C4761C26CA1400929DAE /* Build configuration list for PBXProject "ZetaWatch" */;
			compatibilityVersion = "Xcode 3.2";
			developmentRegion = English;
			hasScannedForEncodings = 0;
			knownRegions = (
				en,
				Base,
			);
			mainGroup = 7006C4721C26CA1400929DAE;
			productRefGroup = 7006C47C1C26CA1500929DAE /* Products */;
			projectDirPath = "";
			projectRoot = "";
			targets = (
				7006C47A1C26CA1400929DAE /* ZetaWatch */,
				70D85FE11C316E8F00929DAE /* ZFSWrapper */,
				7018763C20E7B44800BA39B8 /* ZFSWrapperStatic */,
				70EABDC91FF9ACB300BA39B8 /* ZetaAuthorizationHelper */,
			);
		};
/* End PBXProject section */

/* Begin PBXResourcesBuildPhase section */
		7006C4791C26CA1400929DAE /* Resources */ = {
			isa = PBXResourcesBuildPhase;
			buildActionMask = 2147483647;
			files = (
				70EABDDC1FF9C1F000BA39B8 /* CommonAuthorization.strings in Resources */,
				70C930D822122CBD00BA39B8 /* Localizable.strings in Resources */,
				7006C4851C26CA1500929DAE /* Assets.xcassets in Resources */,
				7006C4881C26CA1500929DAE /* MainMenu.xib in Resources */,
			);
			runOnlyForDeploymentPostprocessing = 0;
		};
		70D85FE01C316E8F00929DAE /* Resources */ = {
			isa = PBXResourcesBuildPhase;
			buildActionMask = 2147483647;
			files = (
			);
			runOnlyForDeploymentPostprocessing = 0;
		};
/* End PBXResourcesBuildPhase section */

/* Begin PBXSourcesBuildPhase section */
		7006C4771C26CA1400929DAE /* Sources */ = {
			isa = PBXSourcesBuildPhase;
			buildActionMask = 2147483647;
			files = (
				70B4E4CC22F469FC002C760A /* ZetaAutoImporter.mm in Sources */,
				70EA5F5322BEC7B1002C760A /* ZetaFormatHelpers.cpp in Sources */,
				709C1CAD1C354F8B00929DAE /* ZetaPoolWatcher.mm in Sources */,
				70B4E4C922F45E7C002C760A /* IDDiskArbitrationDispatcher.cpp in Sources */,
				7006C4831C26CA1500929DAE /* main.m in Sources */,
				70EA5F5622BED079002C760A /* ZetaPoolPropertyMenuDelegate.mm in Sources */,
				7006C4801C26CA1500929DAE /* ZetaWatchDelegate.mm in Sources */,
				7006C4AC1C26D3E700929DAE /* ZetaMenuDelegate.mm in Sources */,
				70AE5AB222A3DBAA002C760A /* ZetaImportMenuDelegate.mm in Sources */,
				70EABDC41FF9A8D100BA39B8 /* CommonAuthorization.m in Sources */,
				70168B6622B64E48002C760A /* ZetaKeyLoaderDelegate.mm in Sources */,
				70EABDC01FF9992A00BA39B8 /* ZetaAuthorization.m in Sources */,
				70EA5F5022BEC358002C760A /* ZetaFileSystemPropertyMenuDelegate.mm in Sources */,
				70AE5AB522A3F7D3002C760A /* ZetaBaseDelegate.mm in Sources */,
				70703F3922AD7A17002C760A /* IDDiskArbitrationUtils.cpp in Sources */,
				703811A12312A2CB002C760A /* ZetaNotificationCenter.m in Sources */,
			);
			runOnlyForDeploymentPostprocessing = 0;
		};
		7018763920E7B44800BA39B8 /* Sources */ = {
			isa = PBXSourcesBuildPhase;
			buildActionMask = 2147483647;
			files = (
				7018764120E7B45900BA39B8 /* ZFSUtils.cpp in Sources */,
				7018764220E7B45B00BA39B8 /* ZFSStrings.mm in Sources */,
				7018764320E7B45E00BA39B8 /* ZFSNVList.cpp in Sources */,
			);
			runOnlyForDeploymentPostprocessing = 0;
		};
		70D85FDD1C316E8F00929DAE /* Sources */ = {
			isa = PBXSourcesBuildPhase;
			buildActionMask = 2147483647;
			files = (
				70D85FF01C316F3100929DAE /* ZFSStrings.mm in Sources */,
				70D85FF11C316F3100929DAE /* ZFSNVList.cpp in Sources */,
				70D85FEF1C316F3100929DAE /* ZFSUtils.cpp in Sources */,
			);
			runOnlyForDeploymentPostprocessing = 0;
		};
		70EABDC61FF9ACB300BA39B8 /* Sources */ = {
			isa = PBXSourcesBuildPhase;
			buildActionMask = 2147483647;
			files = (
				70EABDCD1FF9ACB300BA39B8 /* main.m in Sources */,
				70EABDDA1FF9C05700BA39B8 /* CommonAuthorization.m in Sources */,
				70EABDD41FF9B21C00BA39B8 /* ZetaAuthorizationHelper.mm in Sources */,
			);
			runOnlyForDeploymentPostprocessing = 0;
		};
/* End PBXSourcesBuildPhase section */

/* Begin PBXTargetDependency section */
		7018765020E7B62400BA39B8 /* PBXTargetDependency */ = {
			isa = PBXTargetDependency;
			target = 7018763C20E7B44800BA39B8 /* ZFSWrapperStatic */;
			targetProxy = 7018764F20E7B62400BA39B8 /* PBXContainerItemProxy */;
		};
		7018765520E7B79800BA39B8 /* PBXTargetDependency */ = {
			isa = PBXTargetDependency;
			target = 7018763C20E7B44800BA39B8 /* ZFSWrapperStatic */;
			targetProxy = 7018765420E7B79800BA39B8 /* PBXContainerItemProxy */;
		};
		70EABDD71FF9B69000BA39B8 /* PBXTargetDependency */ = {
			isa = PBXTargetDependency;
			target = 70EABDC91FF9ACB300BA39B8 /* ZetaAuthorizationHelper */;
			targetProxy = 70EABDD61FF9B69000BA39B8 /* PBXContainerItemProxy */;
		};
/* End PBXTargetDependency section */

/* Begin PBXVariantGroup section */
		7006C4861C26CA1500929DAE /* MainMenu.xib */ = {
			isa = PBXVariantGroup;
			children = (
				7006C4871C26CA1500929DAE /* Base */,
			);
			name = MainMenu.xib;
			sourceTree = "<group>";
		};
		70C930D622122CBD00BA39B8 /* Localizable.strings */ = {
			isa = PBXVariantGroup;
			children = (
				70C930D722122CBD00BA39B8 /* Base */,
			);
			name = Localizable.strings;
			sourceTree = "<group>";
		};
/* End PBXVariantGroup section */

/* Begin XCBuildConfiguration section */
		7006C4A01C26CA1500929DAE /* Debug */ = {
			isa = XCBuildConfiguration;
			buildSettings = {
				ALWAYS_SEARCH_USER_PATHS = NO;
				CLANG_CXX_LANGUAGE_STANDARD = "gnu++17";
				CLANG_CXX_LIBRARY = "libc++";
				CLANG_ENABLE_MODULES = YES;
				CLANG_ENABLE_OBJC_ARC = YES;
				CLANG_WARN_BLOCK_CAPTURE_AUTORELEASING = YES;
				CLANG_WARN_BOOL_CONVERSION = YES;
				CLANG_WARN_COMMA = YES;
				CLANG_WARN_CONSTANT_CONVERSION = YES;
				CLANG_WARN_DEPRECATED_OBJC_IMPLEMENTATIONS = YES;
				CLANG_WARN_DIRECT_OBJC_ISA_USAGE = YES_ERROR;
				CLANG_WARN_EMPTY_BODY = YES;
				CLANG_WARN_ENUM_CONVERSION = YES;
				CLANG_WARN_INFINITE_RECURSION = YES;
				CLANG_WARN_INT_CONVERSION = YES;
				CLANG_WARN_NON_LITERAL_NULL_CONVERSION = YES;
				CLANG_WARN_OBJC_IMPLICIT_RETAIN_SELF = YES;
				CLANG_WARN_OBJC_LITERAL_CONVERSION = YES;
				CLANG_WARN_OBJC_ROOT_CLASS = YES_ERROR;
				CLANG_WARN_RANGE_LOOP_ANALYSIS = YES;
				CLANG_WARN_STRICT_PROTOTYPES = YES;
				CLANG_WARN_SUSPICIOUS_MOVE = YES;
				CLANG_WARN_UNREACHABLE_CODE = YES;
				CLANG_WARN__DUPLICATE_METHOD_MATCH = YES;
				CODE_SIGN_ENTITLEMENTS = ZetaWatch/ZetaWatch.entitlements;
				CODE_SIGN_IDENTITY = "Developer ID Application";
				COPY_PHASE_STRIP = NO;
				DEBUG_INFORMATION_FORMAT = dwarf;
				DEVELOPMENT_TEAM = 8THUW5GT6P;
				ENABLE_HARDENED_RUNTIME = YES;
				ENABLE_STRICT_OBJC_MSGSEND = YES;
				ENABLE_TESTABILITY = YES;
				GCC_C_LANGUAGE_STANDARD = gnu99;
				GCC_DYNAMIC_NO_PIC = NO;
				GCC_NO_COMMON_BLOCKS = YES;
				GCC_OPTIMIZATION_LEVEL = 0;
				GCC_PREPROCESSOR_DEFINITIONS = (
					"DEBUG=1",
					"$(inherited)",
				);
				GCC_WARN_64_TO_32_BIT_CONVERSION = YES;
				GCC_WARN_ABOUT_RETURN_TYPE = YES_ERROR;
				GCC_WARN_UNDECLARED_SELECTOR = YES;
				GCC_WARN_UNINITIALIZED_AUTOS = YES_AGGRESSIVE;
				GCC_WARN_UNUSED_FUNCTION = YES;
				GCC_WARN_UNUSED_VARIABLE = YES;
				LIBRARY_SEARCH_PATHS = (
					"$(ZFS_DIR)/lib/libzfs/.libs/",
					"$(ZFS_DIR)/lib/libzfs_core/.libs/",
					"$(ZFS_DIR)/lib/libzpool/.libs/",
					"$(ZFS_DIR)/lib/libnvpair/.libs/",
				);
				MACOSX_DEPLOYMENT_TARGET = 10.12;
				MTL_ENABLE_DEBUG_INFO = YES;
				ONLY_ACTIVE_ARCH = YES;
				SDKROOT = macosx;
				ZFS_DIR = "$(PROJECT_DIR)/zfs/zfs";
			};
			name = Debug;
		};
		7006C4A11C26CA1500929DAE /* Release */ = {
			isa = XCBuildConfiguration;
			buildSettings = {
				ALWAYS_SEARCH_USER_PATHS = NO;
				CLANG_CXX_LANGUAGE_STANDARD = "gnu++17";
				CLANG_CXX_LIBRARY = "libc++";
				CLANG_ENABLE_MODULES = YES;
				CLANG_ENABLE_OBJC_ARC = YES;
				CLANG_WARN_BLOCK_CAPTURE_AUTORELEASING = YES;
				CLANG_WARN_BOOL_CONVERSION = YES;
				CLANG_WARN_COMMA = YES;
				CLANG_WARN_CONSTANT_CONVERSION = YES;
				CLANG_WARN_DEPRECATED_OBJC_IMPLEMENTATIONS = YES;
				CLANG_WARN_DIRECT_OBJC_ISA_USAGE = YES_ERROR;
				CLANG_WARN_EMPTY_BODY = YES;
				CLANG_WARN_ENUM_CONVERSION = YES;
				CLANG_WARN_INFINITE_RECURSION = YES;
				CLANG_WARN_INT_CONVERSION = YES;
				CLANG_WARN_NON_LITERAL_NULL_CONVERSION = YES;
				CLANG_WARN_OBJC_IMPLICIT_RETAIN_SELF = YES;
				CLANG_WARN_OBJC_LITERAL_CONVERSION = YES;
				CLANG_WARN_OBJC_ROOT_CLASS = YES_ERROR;
				CLANG_WARN_RANGE_LOOP_ANALYSIS = YES;
				CLANG_WARN_STRICT_PROTOTYPES = YES;
				CLANG_WARN_SUSPICIOUS_MOVE = YES;
				CLANG_WARN_UNREACHABLE_CODE = YES;
				CLANG_WARN__DUPLICATE_METHOD_MATCH = YES;
				CODE_SIGN_ENTITLEMENTS = ZetaWatch/ZetaWatch.entitlements;
				CODE_SIGN_IDENTITY = "Developer ID Application";
				COPY_PHASE_STRIP = NO;
				DEBUG_INFORMATION_FORMAT = "dwarf-with-dsym";
				DEVELOPMENT_TEAM = 8THUW5GT6P;
				ENABLE_HARDENED_RUNTIME = YES;
				ENABLE_NS_ASSERTIONS = NO;
				ENABLE_STRICT_OBJC_MSGSEND = YES;
				GCC_C_LANGUAGE_STANDARD = gnu99;
				GCC_NO_COMMON_BLOCKS = YES;
				GCC_WARN_64_TO_32_BIT_CONVERSION = YES;
				GCC_WARN_ABOUT_RETURN_TYPE = YES_ERROR;
				GCC_WARN_UNDECLARED_SELECTOR = YES;
				GCC_WARN_UNINITIALIZED_AUTOS = YES_AGGRESSIVE;
				GCC_WARN_UNUSED_FUNCTION = YES;
				GCC_WARN_UNUSED_VARIABLE = YES;
				LIBRARY_SEARCH_PATHS = (
					"$(ZFS_DIR)/lib/libzfs/.libs/",
					"$(ZFS_DIR)/lib/libzfs_core/.libs/",
					"$(ZFS_DIR)/lib/libzpool/.libs/",
					"$(ZFS_DIR)/lib/libnvpair/.libs/",
				);
				MACOSX_DEPLOYMENT_TARGET = 10.12;
				MTL_ENABLE_DEBUG_INFO = NO;
				SDKROOT = macosx;
				ZFS_DIR = "$(PROJECT_DIR)/zfs/zfs";
			};
			name = Release;
		};
		7006C4A31C26CA1500929DAE /* Debug */ = {
			isa = XCBuildConfiguration;
			buildSettings = {
				ASSETCATALOG_COMPILER_APPICON_NAME = AppIcon;
				COMBINE_HIDPI_IMAGES = YES;
				INFOPLIST_FILE = ZetaWatch/Info.plist;
				LD_RUNPATH_SEARCH_PATHS = "$(inherited) @executable_path/../Frameworks";
				PRODUCT_BUNDLE_IDENTIFIER = "net.the-color-black.ZetaWatch";
				PRODUCT_NAME = "$(TARGET_NAME)";
			};
			name = Debug;
		};
		7006C4A41C26CA1500929DAE /* Release */ = {
			isa = XCBuildConfiguration;
			buildSettings = {
				ASSETCATALOG_COMPILER_APPICON_NAME = AppIcon;
				COMBINE_HIDPI_IMAGES = YES;
				INFOPLIST_FILE = ZetaWatch/Info.plist;
				LD_RUNPATH_SEARCH_PATHS = "$(inherited) @executable_path/../Frameworks";
				PRODUCT_BUNDLE_IDENTIFIER = "net.the-color-black.ZetaWatch";
				PRODUCT_NAME = "$(TARGET_NAME)";
			};
			name = Release;
		};
		7018763F20E7B44800BA39B8 /* Debug */ = {
			isa = XCBuildConfiguration;
			buildSettings = {
				CLANG_ANALYZER_NONNULL = YES;
				CLANG_ANALYZER_NUMBER_OBJECT_CONVERSION = YES_AGGRESSIVE;
				CLANG_ENABLE_OBJC_WEAK = YES;
				CLANG_WARN_DEPRECATED_OBJC_IMPLEMENTATIONS = YES;
				CLANG_WARN_DOCUMENTATION_COMMENTS = YES;
				CLANG_WARN_OBJC_IMPLICIT_RETAIN_SELF = YES;
				CLANG_WARN_UNGUARDED_AVAILABILITY = YES_AGGRESSIVE;
				EXECUTABLE_PREFIX = lib;
				GCC_C_LANGUAGE_STANDARD = gnu11;
				HEADER_SEARCH_PATHS = (
					"$(ZFS_DIR)/include",
					"$(ZFS_DIR)/lib/libspl/include",
				);
				LIBRARY_SEARCH_PATHS = (
					"$(ZFS_DIR)/lib/libzfs/.libs/",
					"$(ZFS_DIR)/lib/libzfs_core/.libs/",
					"$(ZFS_DIR)/lib/libnvpair/.libs/",
				);
				PRODUCT_NAME = "$(TARGET_NAME)";
				SKIP_INSTALL = YES;
			};
			name = Debug;
		};
		7018764020E7B44800BA39B8 /* Release */ = {
			isa = XCBuildConfiguration;
			buildSettings = {
				CLANG_ANALYZER_NONNULL = YES;
				CLANG_ANALYZER_NUMBER_OBJECT_CONVERSION = YES_AGGRESSIVE;
				CLANG_ENABLE_OBJC_WEAK = YES;
				CLANG_WARN_DEPRECATED_OBJC_IMPLEMENTATIONS = YES;
				CLANG_WARN_DOCUMENTATION_COMMENTS = YES;
				CLANG_WARN_OBJC_IMPLICIT_RETAIN_SELF = YES;
				CLANG_WARN_UNGUARDED_AVAILABILITY = YES_AGGRESSIVE;
				EXECUTABLE_PREFIX = lib;
				GCC_C_LANGUAGE_STANDARD = gnu11;
				HEADER_SEARCH_PATHS = (
					"$(ZFS_DIR)/include",
					"$(ZFS_DIR)/lib/libspl/include",
				);
				LIBRARY_SEARCH_PATHS = (
					"$(ZFS_DIR)/lib/libzfs/.libs/",
					"$(ZFS_DIR)/lib/libzfs_core/.libs/",
					"$(ZFS_DIR)/lib/libnvpair/.libs/",
				);
				PRODUCT_NAME = "$(TARGET_NAME)";
				SKIP_INSTALL = YES;
			};
			name = Release;
		};
		70D85FEC1C316E8F00929DAE /* Debug */ = {
			isa = XCBuildConfiguration;
			buildSettings = {
				COMBINE_HIDPI_IMAGES = YES;
				CURRENT_PROJECT_VERSION = 1;
				DEFINES_MODULE = YES;
				DYLIB_COMPATIBILITY_VERSION = 1;
				DYLIB_CURRENT_VERSION = 1;
				DYLIB_INSTALL_NAME_BASE = "@rpath";
				FRAMEWORK_VERSION = A;
				HEADER_SEARCH_PATHS = (
					"$(ZFS_DIR)/include",
					"$(ZFS_DIR)/lib/libspl/include",
				);
				INFOPLIST_FILE = ZFSWrapper/Info.plist;
				INSTALL_PATH = "$(LOCAL_LIBRARY_DIR)/Frameworks";
				LD_RUNPATH_SEARCH_PATHS = "$(inherited) @executable_path/../Frameworks @loader_path/Frameworks";
				LIBRARY_SEARCH_PATHS = (
					"$(ZFS_DIR)/lib/libzfs/.libs/",
					"$(ZFS_DIR)/lib/libzfs_core/.libs/",
					"$(ZFS_DIR)/lib/libnvpair/.libs/",
				);
				PRODUCT_BUNDLE_IDENTIFIER = "net.the-color-black.ZFSWrapper";
				PRODUCT_NAME = "$(TARGET_NAME)";
				SKIP_INSTALL = YES;
				VERSIONING_SYSTEM = "apple-generic";
				VERSION_INFO_PREFIX = "";
			};
			name = Debug;
		};
		70D85FED1C316E8F00929DAE /* Release */ = {
			isa = XCBuildConfiguration;
			buildSettings = {
				COMBINE_HIDPI_IMAGES = YES;
				CURRENT_PROJECT_VERSION = 1;
				DEFINES_MODULE = YES;
				DYLIB_COMPATIBILITY_VERSION = 1;
				DYLIB_CURRENT_VERSION = 1;
				DYLIB_INSTALL_NAME_BASE = "@rpath";
				FRAMEWORK_VERSION = A;
				HEADER_SEARCH_PATHS = (
					"$(ZFS_DIR)/include",
					"$(ZFS_DIR)/lib/libspl/include",
				);
				INFOPLIST_FILE = ZFSWrapper/Info.plist;
				INSTALL_PATH = "$(LOCAL_LIBRARY_DIR)/Frameworks";
				LD_RUNPATH_SEARCH_PATHS = "$(inherited) @executable_path/../Frameworks @loader_path/Frameworks";
				LIBRARY_SEARCH_PATHS = (
					"$(ZFS_DIR)/lib/libzfs/.libs/",
					"$(ZFS_DIR)/lib/libzfs_core/.libs/",
					"$(ZFS_DIR)/lib/libnvpair/.libs/",
				);
				PRODUCT_BUNDLE_IDENTIFIER = "net.the-color-black.ZFSWrapper";
				PRODUCT_NAME = "$(TARGET_NAME)";
				SKIP_INSTALL = YES;
				VERSIONING_SYSTEM = "apple-generic";
				VERSION_INFO_PREFIX = "";
			};
			name = Release;
		};
		70EABDCF1FF9ACB300BA39B8 /* Debug */ = {
			isa = XCBuildConfiguration;
			buildSettings = {
				CLANG_ANALYZER_NONNULL = YES;
				CLANG_ANALYZER_NUMBER_OBJECT_CONVERSION = YES_AGGRESSIVE;
				CLANG_CXX_LANGUAGE_STANDARD = "gnu++14";
				CLANG_WARN_BLOCK_CAPTURE_AUTORELEASING = YES;
				CLANG_WARN_COMMA = YES;
				CLANG_WARN_DOCUMENTATION_COMMENTS = YES;
				CLANG_WARN_INFINITE_RECURSION = YES;
				CLANG_WARN_NON_LITERAL_NULL_CONVERSION = YES;
				CLANG_WARN_OBJC_LITERAL_CONVERSION = YES;
				CLANG_WARN_RANGE_LOOP_ANALYSIS = YES;
				CLANG_WARN_STRICT_PROTOTYPES = YES;
				CLANG_WARN_SUSPICIOUS_MOVE = YES;
				CLANG_WARN_UNGUARDED_AVAILABILITY = YES_AGGRESSIVE;
				GCC_C_LANGUAGE_STANDARD = gnu11;
				INFOPLIST_FILE = "$(SRCROOT)/ZetaAuthorizationHelper/Info.plist";
				OTHER_LDFLAGS = (
					"-sectcreate",
					__TEXT,
					__info_plist,
					ZetaAuthorizationHelper/Info.plist,
					"-sectcreate",
					__TEXT,
					__launchd_plist,
					ZetaAuthorizationHelper/Launchd.plist,
				);
				PRODUCT_BUNDLE_IDENTIFIER = "net.the-color-black.ZetaAuthorizationHelper";
				PRODUCT_NAME = "net.the-color-black.ZetaAuthorizationHelper";
				SKIP_INSTALL = YES;
			};
			name = Debug;
		};
		70EABDD01FF9ACB300BA39B8 /* Release */ = {
			isa = XCBuildConfiguration;
			buildSettings = {
				CLANG_ANALYZER_NONNULL = YES;
				CLANG_ANALYZER_NUMBER_OBJECT_CONVERSION = YES_AGGRESSIVE;
				CLANG_CXX_LANGUAGE_STANDARD = "gnu++14";
				CLANG_WARN_BLOCK_CAPTURE_AUTORELEASING = YES;
				CLANG_WARN_COMMA = YES;
				CLANG_WARN_DOCUMENTATION_COMMENTS = YES;
				CLANG_WARN_INFINITE_RECURSION = YES;
				CLANG_WARN_NON_LITERAL_NULL_CONVERSION = YES;
				CLANG_WARN_OBJC_LITERAL_CONVERSION = YES;
				CLANG_WARN_RANGE_LOOP_ANALYSIS = YES;
				CLANG_WARN_STRICT_PROTOTYPES = YES;
				CLANG_WARN_SUSPICIOUS_MOVE = YES;
				CLANG_WARN_UNGUARDED_AVAILABILITY = YES_AGGRESSIVE;
				GCC_C_LANGUAGE_STANDARD = gnu11;
				INFOPLIST_FILE = "$(SRCROOT)/ZetaAuthorizationHelper/Info.plist";
				OTHER_LDFLAGS = (
					"-sectcreate",
					__TEXT,
					__info_plist,
					ZetaAuthorizationHelper/Info.plist,
					"-sectcreate",
					__TEXT,
					__launchd_plist,
					ZetaAuthorizationHelper/Launchd.plist,
				);
				PRODUCT_BUNDLE_IDENTIFIER = "net.the-color-black.ZetaAuthorizationHelper";
				PRODUCT_NAME = "net.the-color-black.ZetaAuthorizationHelper";
				SKIP_INSTALL = YES;
			};
			name = Release;
		};
/* End XCBuildConfiguration section */

/* Begin XCConfigurationList section */
		7006C4761C26CA1400929DAE /* Build configuration list for PBXProject "ZetaWatch" */ = {
			isa = XCConfigurationList;
			buildConfigurations = (
				7006C4A01C26CA1500929DAE /* Debug */,
				7006C4A11C26CA1500929DAE /* Release */,
			);
			defaultConfigurationIsVisible = 0;
			defaultConfigurationName = Release;
		};
		7006C4A21C26CA1500929DAE /* Build configuration list for PBXNativeTarget "ZetaWatch" */ = {
			isa = XCConfigurationList;
			buildConfigurations = (
				7006C4A31C26CA1500929DAE /* Debug */,
				7006C4A41C26CA1500929DAE /* Release */,
			);
			defaultConfigurationIsVisible = 0;
			defaultConfigurationName = Release;
		};
		7018763E20E7B44800BA39B8 /* Build configuration list for PBXNativeTarget "ZFSWrapperStatic" */ = {
			isa = XCConfigurationList;
			buildConfigurations = (
				7018763F20E7B44800BA39B8 /* Debug */,
				7018764020E7B44800BA39B8 /* Release */,
			);
			defaultConfigurationIsVisible = 0;
			defaultConfigurationName = Release;
		};
		70D85FEB1C316E8F00929DAE /* Build configuration list for PBXNativeTarget "ZFSWrapper" */ = {
			isa = XCConfigurationList;
			buildConfigurations = (
				70D85FEC1C316E8F00929DAE /* Debug */,
				70D85FED1C316E8F00929DAE /* Release */,
			);
			defaultConfigurationIsVisible = 0;
			defaultConfigurationName = Release;
		};
		70EABDCE1FF9ACB300BA39B8 /* Build configuration list for PBXNativeTarget "ZetaAuthorizationHelper" */ = {
			isa = XCConfigurationList;
			buildConfigurations = (
				70EABDCF1FF9ACB300BA39B8 /* Debug */,
				70EABDD01FF9ACB300BA39B8 /* Release */,
			);
			defaultConfigurationIsVisible = 0;
			defaultConfigurationName = Release;
		};
/* End XCConfigurationList section */
	};
	rootObject = 7006C4731C26CA1400929DAE /* Project object */;
}
